
Microsoft Visual Studio Solution File, Format Version 12.00
# Visual Studio Version 16
VisualStudioVersion = 16.0.29613.14
MinimumVisualStudioVersion = 10.0.40219.1
Project("{FAE04EC0-301F-11D3-BF4B-00C04F79EFBC}") = "rpsls", "rpsls\rpsls.csproj", "{FEC02E1C-FE56-4E7E-ACF2-67F23E7E19FF}"
EndProject
Global
	GlobalSection(SolutionConfigurationPlatforms) = preSolution
		Debug|Any CPU = Debug|Any CPU
		Release|Any CPU = Release|Any CPU
	EndGlobalSection
	GlobalSection(ProjectConfigurationPlatforms) = postSolution
		{FEC02E1C-FE56-4E7E-ACF2-67F23E7E19FF}.Debug|Any CPU.ActiveCfg = Debug|Any CPU
		{FEC02E1C-FE56-4E7E-ACF2-67F23E7E19FF}.Debug|Any CPU.Build.0 = Debug|Any CPU
		{FEC02E1C-FE56-4E7E-ACF2-67F23E7E19FF}.Release|Any CPU.ActiveCfg = Release|Any CPU
		{FEC02E1C-FE56-4E7E-ACF2-67F23E7E19FF}.Release|Any CPU.Build.0 = Release|Any CPU
	EndGlobalSection
	GlobalSection(SolutionProperties) = preSolution
		HideSolutionNode = FALSE
	EndGlobalSection
	GlobalSection(ExtensibilityGlobals) = postSolution
		SolutionGuid = {536EAF9B-380F-4CCD-9C9A-09166701A62A}
	EndGlobalSection
EndGlobal
